# This file is automatically @generated by Cargo.
# It is not intended for manual editing.
version = 4

[[package]]
name = "graphpad-core"
version = "0.1.0"

[[package]]
name = "graphpad-daemon"
version = "0.1.0"
dependencies = [
 "graphpad-core",
 "graphpad-input-linux",
 "graphpad-input-windows",
]

[[package]]
name = "graphpad-input-linux"
version = "0.1.0"
dependencies = [
 "graphpad-core",
]

[[package]]
name = "graphpad-input-windows"
version = "0.1.0"
dependencies = [
 "graphpad-core",
]
